
Microsoft Visual Studio Solution File, Format Version 12.00
# Visual Studio Version 17
VisualStudioVersion = 17.0.31903.59
MinimumVisualStudioVersion = 10.0.40219.1
Project("{2150E333-8FDC-42A3-9474-1A3956D46DE8}") = "src", "src", "{827E0CD3-B72D-47B6-A68D-7590B98EB39B}"
EndProject
Project("{FAE04EC0-301F-11D3-BF4B-00C04F79EFBC}") = "TaskManagement.Domain", "src\TaskManagement.Domain\TaskManagement.Domain.csproj", "{C6FB4F76-4A68-4C8C-8EB0-5DFB19A1D0D5}"
EndProject
Project("{FAE04EC0-301F-11D3-BF4B-00C04F79EFBC}") = "TaskManagement.Application", "src\TaskManagement.Application\TaskManagement.Application.csproj", "{14A3B4BC-52EC-4B15-B279-A7D4158F1B57}"
EndProject
Project("{FAE04EC0-301F-11D3-BF4B-00C04F79EFBC}") = "TaskManagement.Infrastructure", "src\TaskManagement.Infrastructure\TaskManagement.Infrastructure.csproj", "{F999C24C-7715-4745-B9F9-2A8B4AD42FBC}"
EndProject
Project("{FAE04EC0-301F-11D3-BF4B-00C04F79EFBC}") = "TaskManagement.Api", "src\TaskManagement.Api\TaskManagement.Api.csproj", "{C1C7028E-A8AB-48BD-BDA7-048F8FD2FC08}"
EndProject
Project("{FAE04EC0-301F-11D3-BF4B-00C04F79EFBC}") = "TaskManagement.WPF", "src\TaskManagement.WPF\TaskManagement.WPF.csproj", "{FB84B648-CEA3-4ECE-BA8E-C9FAD8351FFE}"
EndProject
Project("{2150E333-8FDC-42A3-9474-1A3956D46DE8}") = "Itens de Solução", "Itens de Solução", "{380A7511-A354-6D7A-0CC0-8FA1F1BA7B6C}"
	ProjectSection(SolutionItems) = preProject
		README.md = README.md
	EndProjectSection
EndProject
Project("{2150E333-8FDC-42A3-9474-1A3956D46DE8}") = "tests", "tests", "{0AB3BF05-4346-4AA6-1389-037BE0695223}"
EndProject
Project("{FAE04EC0-301F-11D3-BF4B-00C04F79EFBC}") = "TaskManagement.UnitTests", "tests\TaskManagement.UnitTests\TaskManagement.UnitTests.csproj", "{69A9B082-0F63-44F2-9C7A-E6CEE4CDE00E}"
EndProject
Global
	GlobalSection(SolutionConfigurationPlatforms) = preSolution
		Debug|Any CPU = Debug|Any CPU
		Debug|x64 = Debug|x64
		Debug|x86 = Debug|x86
		Release|Any CPU = Release|Any CPU
		Release|x64 = Release|x64
		Release|x86 = Release|x86
	EndGlobalSection
	GlobalSection(ProjectConfigurationPlatforms) = postSolution
		{C6FB4F76-4A68-4C8C-8EB0-5DFB19A1D0D5}.Debug|Any CPU.ActiveCfg = Debug|Any CPU
		{C6FB4F76-4A68-4C8C-8EB0-5DFB19A1D0D5}.Debug|Any CPU.Build.0 = Debug|Any CPU
		{C6FB4F76-4A68-4C8C-8EB0-5DFB19A1D0D5}.Debug|x64.ActiveCfg = Debug|Any CPU
		{C6FB4F76-4A68-4C8C-8EB0-5DFB19A1D0D5}.Debug|x64.Build.0 = Debug|Any CPU
		{C6FB4F76-4A68-4C8C-8EB0-5DFB19A1D0D5}.Debug|x86.ActiveCfg = Debug|Any CPU
		{C6FB4F76-4A68-4C8C-8EB0-5DFB19A1D0D5}.Debug|x86.Build.0 = Debug|Any CPU
		{C6FB4F76-4A68-4C8C-8EB0-5DFB19A1D0D5}.Release|Any CPU.ActiveCfg = Release|Any CPU
		{C6FB4F76-4A68-4C8C-8EB0-5DFB19A1D0D5}.Release|Any CPU.Build.0 = Release|Any CPU
		{C6FB4F76-4A68-4C8C-8EB0-5DFB19A1D0D5}.Release|x64.ActiveCfg = Release|Any CPU
		{C6FB4F76-4A68-4C8C-8EB0-5DFB19A1D0D5}.Release|x64.Build.0 = Release|Any CPU
		{C6FB4F76-4A68-4C8C-8EB0-5DFB19A1D0D5}.Release|x86.ActiveCfg = Release|Any CPU
		{C6FB4F76-4A68-4C8C-8EB0-5DFB19A1D0D5}.Release|x86.Build.0 = Release|Any CPU
		{14A3B4BC-52EC-4B15-B279-A7D4158F1B57}.Debug|Any CPU.ActiveCfg = Debug|Any CPU
		{14A3B4BC-52EC-4B15-B279-A7D4158F1B57}.Debug|Any CPU.Build.0 = Debug|Any CPU
		{14A3B4BC-52EC-4B15-B279-A7D4158F1B57}.Debug|x64.ActiveCfg = Debug|Any CPU
		{14A3B4BC-52EC-4B15-B279-A7D4158F1B57}.Debug|x64.Build.0 = Debug|Any CPU
		{14A3B4BC-52EC-4B15-B279-A7D4158F1B57}.Debug|x86.ActiveCfg = Debug|Any CPU
		{14A3B4BC-52EC-4B15-B279-A7D4158F1B57}.Debug|x86.Build.0 = Debug|Any CPU
		{14A3B4BC-52EC-4B15-B279-A7D4158F1B57}.Release|Any CPU.ActiveCfg = Release|Any CPU
		{14A3B4BC-52EC-4B15-B279-A7D4158F1B57}.Release|Any CPU.Build.0 = Release|Any CPU
		{14A3B4BC-52EC-4B15-B279-A7D4158F1B57}.Release|x64.ActiveCfg = Release|Any CPU
		{14A3B4BC-52EC-4B15-B279-A7D4158F1B57}.Release|x64.Build.0 = Release|Any CPU
		{14A3B4BC-52EC-4B15-B279-A7D4158F1B57}.Release|x86.ActiveCfg = Release|Any CPU
		{14A3B4BC-52EC-4B15-B279-A7D4158F1B57}.Release|x86.Build.0 = Release|Any CPU
		{F999C24C-7715-4745-B9F9-2A8B4AD42FBC}.Debug|Any CPU.ActiveCfg = Debug|Any CPU
		{F999C24C-7715-4745-B9F9-2A8B4AD42FBC}.Debug|Any CPU.Build.0 = Debug|Any CPU
		{F999C24C-7715-4745-B9F9-2A8B4AD42FBC}.Debug|x64.ActiveCfg = Debug|Any CPU
		{F999C24C-7715-4745-B9F9-2A8B4AD42FBC}.Debug|x64.Build.0 = Debug|Any CPU
		{F999C24C-7715-4745-B9F9-2A8B4AD42FBC}.Debug|x86.ActiveCfg = Debug|Any CPU
		{F999C24C-7715-4745-B9F9-2A8B4AD42FBC}.Debug|x86.Build.0 = Debug|Any CPU
		{F999C24C-7715-4745-B9F9-2A8B4AD42FBC}.Release|Any CPU.ActiveCfg = Release|Any CPU
		{F999C24C-7715-4745-B9F9-2A8B4AD42FBC}.Release|Any CPU.Build.0 = Release|Any CPU
		{F999C24C-7715-4745-B9F9-2A8B4AD42FBC}.Release|x64.ActiveCfg = Release|Any CPU
		{F999C24C-7715-4745-B9F9-2A8B4AD42FBC}.Release|x64.Build.0 = Release|Any CPU
		{F999C24C-7715-4745-B9F9-2A8B4AD42FBC}.Release|x86.ActiveCfg = Release|Any CPU
		{F999C24C-7715-4745-B9F9-2A8B4AD42FBC}.Release|x86.Build.0 = Release|Any CPU
		{C1C7028E-A8AB-48BD-BDA7-048F8FD2FC08}.Debug|Any CPU.ActiveCfg = Debug|Any CPU
		{C1C7028E-A8AB-48BD-BDA7-048F8FD2FC08}.Debug|Any CPU.Build.0 = Debug|Any CPU
		{C1C7028E-A8AB-48BD-BDA7-048F8FD2FC08}.Debug|x64.ActiveCfg = Debug|Any CPU
		{C1C7028E-A8AB-48BD-BDA7-048F8FD2FC08}.Debug|x64.Build.0 = Debug|Any CPU
		{C1C7028E-A8AB-48BD-BDA7-048F8FD2FC08}.Debug|x86.ActiveCfg = Debug|Any CPU
		{C1C7028E-A8AB-48BD-BDA7-048F8FD2FC08}.Debug|x86.Build.0 = Debug|Any CPU
		{C1C7028E-A8AB-48BD-BDA7-048F8FD2FC08}.Release|Any CPU.ActiveCfg = Release|Any CPU
		{C1C7028E-A8AB-48BD-BDA7-048F8FD2FC08}.Release|Any CPU.Build.0 = Release|Any CPU
		{C1C7028E-A8AB-48BD-BDA7-048F8FD2FC08}.Release|x64.ActiveCfg = Release|Any CPU
		{C1C7028E-A8AB-48BD-BDA7-048F8FD2FC08}.Release|x64.Build.0 = Release|Any CPU
		{C1C7028E-A8AB-48BD-BDA7-048F8FD2FC08}.Release|x86.ActiveCfg = Release|Any CPU
		{C1C7028E-A8AB-48BD-BDA7-048F8FD2FC08}.Release|x86.Build.0 = Release|Any CPU
		{FB84B648-CEA3-4ECE-BA8E-C9FAD8351FFE}.Debug|Any CPU.ActiveCfg = Debug|Any CPU
		{FB84B648-CEA3-4ECE-BA8E-C9FAD8351FFE}.Debug|Any CPU.Build.0 = Debug|Any CPU
		{FB84B648-CEA3-4ECE-BA8E-C9FAD8351FFE}.Debug|x64.ActiveCfg = Debug|Any CPU
		{FB84B648-CEA3-4ECE-BA8E-C9FAD8351FFE}.Debug|x64.Build.0 = Debug|Any CPU
		{FB84B648-CEA3-4ECE-BA8E-C9FAD8351FFE}.Debug|x86.ActiveCfg = Debug|Any CPU
		{FB84B648-CEA3-4ECE-BA8E-C9FAD8351FFE}.Debug|x86.Build.0 = Debug|Any CPU
		{FB84B648-CEA3-4ECE-BA8E-C9FAD8351FFE}.Release|Any CPU.ActiveCfg = Release|Any CPU
		{FB84B648-CEA3-4ECE-BA8E-C9FAD8351FFE}.Release|Any CPU.Build.0 = Release|Any CPU
		{FB84B648-CEA3-4ECE-BA8E-C9FAD8351FFE}.Release|x64.ActiveCfg = Release|Any CPU
		{FB84B648-CEA3-4ECE-BA8E-C9FAD8351FFE}.Release|x64.Build.0 = Release|Any CPU
		{FB84B648-CEA3-4ECE-BA8E-C9FAD8351FFE}.Release|x86.ActiveCfg = Release|Any CPU
		{FB84B648-CEA3-4ECE-BA8E-C9FAD8351FFE}.Release|x86.Build.0 = Release|Any CPU
		{69A9B082-0F63-44F2-9C7A-E6CEE4CDE00E}.Debug|Any CPU.ActiveCfg = Debug|Any CPU
		{69A9B082-0F63-44F2-9C7A-E6CEE4CDE00E}.Debug|Any CPU.Build.0 = Debug|Any CPU
		{69A9B082-0F63-44F2-9C7A-E6CEE4CDE00E}.Debug|x64.ActiveCfg = Debug|Any CPU
		{69A9B082-0F63-44F2-9C7A-E6CEE4CDE00E}.Debug|x64.Build.0 = Debug|Any CPU
		{69A9B082-0F63-44F2-9C7A-E6CEE4CDE00E}.Debug|x86.ActiveCfg = Debug|Any CPU
		{69A9B082-0F63-44F2-9C7A-E6CEE4CDE00E}.Debug|x86.Build.0 = Debug|Any CPU
		{69A9B082-0F63-44F2-9C7A-E6CEE4CDE00E}.Release|Any CPU.ActiveCfg = Release|Any CPU
		{69A9B082-0F63-44F2-9C7A-E6CEE4CDE00E}.Release|Any CPU.Build.0 = Release|Any CPU
		{69A9B082-0F63-44F2-9C7A-E6CEE4CDE00E}.Release|x64.ActiveCfg = Release|Any CPU
		{69A9B082-0F63-44F2-9C7A-E6CEE4CDE00E}.Release|x64.Build.0 = Release|Any CPU
		{69A9B082-0F63-44F2-9C7A-E6CEE4CDE00E}.Release|x86.ActiveCfg = Release|Any CPU
		{69A9B082-0F63-44F2-9C7A-E6CEE4CDE00E}.Release|x86.Build.0 = Release|Any CPU
	EndGlobalSection
	GlobalSection(SolutionProperties) = preSolution
		HideSolutionNode = FALSE
	EndGlobalSection
	GlobalSection(NestedProjects) = preSolution
		{C6FB4F76-4A68-4C8C-8EB0-5DFB19A1D0D5} = {827E0CD3-B72D-47B6-A68D-7590B98EB39B}
		{14A3B4BC-52EC-4B15-B279-A7D4158F1B57} = {827E0CD3-B72D-47B6-A68D-7590B98EB39B}
		{F999C24C-7715-4745-B9F9-2A8B4AD42FBC} = {827E0CD3-B72D-47B6-A68D-7590B98EB39B}
		{C1C7028E-A8AB-48BD-BDA7-048F8FD2FC08} = {827E0CD3-B72D-47B6-A68D-7590B98EB39B}
		{FB84B648-CEA3-4ECE-BA8E-C9FAD8351FFE} = {827E0CD3-B72D-47B6-A68D-7590B98EB39B}
		{69A9B082-0F63-44F2-9C7A-E6CEE4CDE00E} = {0AB3BF05-4346-4AA6-1389-037BE0695223}
	EndGlobalSection
	GlobalSection(ExtensibilityGlobals) = postSolution
		SolutionGuid = {8B4FF57D-0CB6-4AA0-A966-45A6A173BE7B}
	EndGlobalSection
EndGlobal
